
Microsoft Visual Studio Solution File, Format Version 12.00
# Visual Studio Version 16
VisualStudioVersion = 16.0.810.10
MinimumVisualStudioVersion = 10.0.40219.1
Project("{FAE04EC0-301F-11D3-BF4B-00C04F79EFBC}") = "Bankquizonmethods", "Bankquizonmethods.csproj", "{F9AFE210-87D1-4754-A64E-5E3AC01412E5}"
EndProject
Global
	GlobalSection(SolutionConfigurationPlatforms) = preSolution
		Debug|Any CPU = Debug|Any CPU
		Release|Any CPU = Release|Any CPU
	EndGlobalSection
	GlobalSection(ProjectConfigurationPlatforms) = postSolution
		{F9AFE210-87D1-4754-A64E-5E3AC01412E5}.Debug|Any CPU.ActiveCfg = Debug|Any CPU
		{F9AFE210-87D1-4754-A64E-5E3AC01412E5}.Debug|Any CPU.Build.0 = Debug|Any CPU
		{F9AFE210-87D1-4754-A64E-5E3AC01412E5}.Release|Any CPU.ActiveCfg = Release|Any CPU
		{F9AFE210-87D1-4754-A64E-5E3AC01412E5}.Release|Any CPU.Build.0 = Release|Any CPU
	EndGlobalSection
	GlobalSection(SolutionProperties) = preSolution
		HideSolutionNode = FALSE
	EndGlobalSection
	GlobalSection(ExtensibilityGlobals) = postSolution
		SolutionGuid = {36C6DD8B-D77F-47BB-8CBC-8FC09C0963E6}
	EndGlobalSection
EndGlobal
